
Microsoft Visual Studio Solution File, Format Version 11.00
# Visual Studio 2010
Project("{FAE04EC0-301F-11D3-BF4B-00C04F79EFBC}") = "ExternalConfigExample", "ExternalConfigExample\ExternalConfigExample.csproj", "{95496820-ED13-4504-BA01-51100EB2F47B}"
EndProject
Global
	GlobalSection(SolutionConfigurationPlatforms) = preSolution
		Debug|Any CPU = Debug|Any CPU
		Release|Any CPU = Release|Any CPU
	EndGlobalSection
	GlobalSection(ProjectConfigurationPlatforms) = postSolution
		{95496820-ED13-4504-BA01-51100EB2F47B}.Debug|Any CPU.ActiveCfg = Debug|Any CPU
		{95496820-ED13-4504-BA01-51100EB2F47B}.Debug|Any CPU.Build.0 = Debug|Any CPU
		{95496820-ED13-4504-BA01-51100EB2F47B}.Release|Any CPU.ActiveCfg = Release|Any CPU
		{95496820-ED13-4504-BA01-51100EB2F47B}.Release|Any CPU.Build.0 = Release|Any CPU
	EndGlobalSection
	GlobalSection(SolutionProperties) = preSolution
		HideSolutionNode = FALSE
	EndGlobalSection
EndGlobal
